
Microsoft Visual Studio Solution File, Format Version 12.00
# Visual Studio Version 17
VisualStudioVersion = 17.2.32630.192
MinimumVisualStudioVersion = 10.0.40219.1
Project("{FAE04EC0-301F-11D3-BF4B-00C04F79EFBC}") = "Generictypes", "Generictypes\Generictypes.csproj", "{A2E51A8E-16D1-4560-AD59-4BB5914CBBEE}"
EndProject
Global
	GlobalSection(SolutionConfigurationPlatforms) = preSolution
		Debug|Any CPU = Debug|Any CPU
		Release|Any CPU = Release|Any CPU
	EndGlobalSection
	GlobalSection(ProjectConfigurationPlatforms) = postSolution
		{A2E51A8E-16D1-4560-AD59-4BB5914CBBEE}.Debug|Any CPU.ActiveCfg = Debug|Any CPU
		{A2E51A8E-16D1-4560-AD59-4BB5914CBBEE}.Debug|Any CPU.Build.0 = Debug|Any CPU
		{A2E51A8E-16D1-4560-AD59-4BB5914CBBEE}.Release|Any CPU.ActiveCfg = Release|Any CPU
		{A2E51A8E-16D1-4560-AD59-4BB5914CBBEE}.Release|Any CPU.Build.0 = Release|Any CPU
	EndGlobalSection
	GlobalSection(SolutionProperties) = preSolution
		HideSolutionNode = FALSE
	EndGlobalSection
	GlobalSection(ExtensibilityGlobals) = postSolution
		SolutionGuid = {34B3F252-C638-4636-B32B-06E829BC638B}
	EndGlobalSection
EndGlobal
